{
  "name": "AIVS",
  "lockfileVersion": 3,
  "requires": true,
  "packages": {
    "": {
      "dependencies": {
        "@runwayml/sdk": "^3.11.0"
      }
    },
    "node_modules/@runwayml/sdk": {
      "version": "3.11.0",
      "resolved": "https://registry.npmjs.org/@runwayml/sdk/-/sdk-3.11.0.tgz",
      "integrity": "sha512-BDAywDbfS3/TCN5DpRYBdmaJizbX8gbuxKxqPh9pTl5O2f+tOiLZjj4ydqb9HJU7dMPdAMYdtpqtDUT3/M6Pkg==",
      "license": "Apache-2.0",
      "bin": {
        "runwayml-sdk": "bin/cli"
      }
    }
  }
}
